
Microsoft Visual Studio Solution File, Format Version 12.00
# Visual Studio Express 2013 for Web
VisualStudioVersion = 12.0.31101.0
MinimumVisualStudioVersion = 10.0.40219.1
Project("{FAE04EC0-301F-11D3-BF4B-00C04F79EFBC}") = "Lanban", "Lanban.csproj", "{77B24191-DC8C-4601-93D0-8506181FCD45}"
EndProject
Project("{FAE04EC0-301F-11D3-BF4B-00C04F79EFBC}") = "LanbanTesting", "..\LanbanTesting\LanbanTesting.csproj", "{90FCE880-C7BF-4BBE-B0CF-1DDC2E456504}"
EndProject
Global
	GlobalSection(SolutionConfigurationPlatforms) = preSolution
		Debug|Any CPU = Debug|Any CPU
		Release|Any CPU = Release|Any CPU
	EndGlobalSection
	GlobalSection(ProjectConfigurationPlatforms) = postSolution
		{77B24191-DC8C-4601-93D0-8506181FCD45}.Debug|Any CPU.ActiveCfg = Debug|Any CPU
		{77B24191-DC8C-4601-93D0-8506181FCD45}.Debug|Any CPU.Build.0 = Debug|Any CPU
		{77B24191-DC8C-4601-93D0-8506181FCD45}.Release|Any CPU.ActiveCfg = Release|Any CPU
		{77B24191-DC8C-4601-93D0-8506181FCD45}.Release|Any CPU.Build.0 = Release|Any CPU
		{90FCE880-C7BF-4BBE-B0CF-1DDC2E456504}.Debug|Any CPU.ActiveCfg = Debug|Any CPU
		{90FCE880-C7BF-4BBE-B0CF-1DDC2E456504}.Debug|Any CPU.Build.0 = Debug|Any CPU
		{90FCE880-C7BF-4BBE-B0CF-1DDC2E456504}.Release|Any CPU.ActiveCfg = Release|Any CPU
		{90FCE880-C7BF-4BBE-B0CF-1DDC2E456504}.Release|Any CPU.Build.0 = Release|Any CPU
	EndGlobalSection
	GlobalSection(SolutionProperties) = preSolution
		HideSolutionNode = FALSE
	EndGlobalSection
EndGlobal
